
Microsoft Visual Studio Solution File, Format Version 12.00
# Visual Studio Version 17
VisualStudioVersion = 17.8.34330.188
MinimumVisualStudioVersion = 10.0.40219.1
Project("{9A19103F-16F7-4668-BE54-9A1E7A4F7556}") = "Warehouse.Api", "Warehouse.Api.csproj", "{BAA89065-391F-467C-BDD8-30100BA273B8}"
EndProject
Project("{9A19103F-16F7-4668-BE54-9A1E7A4F7556}") = "Warehouse.Domain", "..\Warehouse.Domain\Warehouse.Domain.csproj", "{4A6C595A-A3B2-4335-BBAE-ECA1ED368444}"
EndProject
Project("{9A19103F-16F7-4668-BE54-9A1E7A4F7556}") = "Warehouse.Application", "..\Warehouse.Application\Warehouse.Application.csproj", "{85A8D994-09CE-4C36-8C91-C39EFD37CF5E}"
EndProject
Project("{9A19103F-16F7-4668-BE54-9A1E7A4F7556}") = "Warehouse.Tests", "..\Warehouse.Tests\Warehouse.Tests.csproj", "{AF057389-DCB4-4621-BB60-E660EB4589DE}"
EndProject
Project("{9A19103F-16F7-4668-BE54-9A1E7A4F7556}") = "Warehouse.Persistence.EF", "..\Warehouse.Persistence.EF\Warehouse.Persistence.EF.csproj", "{7C0635C2-5F29-42BE-8291-C5E6D2CCC492}"
EndProject
Project("{FAE04EC0-301F-11D3-BF4B-00C04F79EFBC}") = "Warehouse.Infrastructure", "..\Warehouse.Infrastructure\Warehouse.Infrastructure.csproj", "{39B7B975-0071-42E8-B0D9-57A785BFD0E2}"
EndProject
Project("{FAE04EC0-301F-11D3-BF4B-00C04F79EFBC}") = "Warehouse.Persistence.Abstractions", "..\Warehouse.Persistence.Abstractions\Warehouse.Persistence.Abstractions.csproj", "{0089D031-1745-4CB1-B2A2-22550CF33062}"
EndProject
Global
	GlobalSection(SolutionConfigurationPlatforms) = preSolution
		Debug|Any CPU = Debug|Any CPU
		Release|Any CPU = Release|Any CPU
	EndGlobalSection
	GlobalSection(ProjectConfigurationPlatforms) = postSolution
		{BAA89065-391F-467C-BDD8-30100BA273B8}.Debug|Any CPU.ActiveCfg = Debug|Any CPU
		{BAA89065-391F-467C-BDD8-30100BA273B8}.Debug|Any CPU.Build.0 = Debug|Any CPU
		{BAA89065-391F-467C-BDD8-30100BA273B8}.Release|Any CPU.ActiveCfg = Release|Any CPU
		{BAA89065-391F-467C-BDD8-30100BA273B8}.Release|Any CPU.Build.0 = Release|Any CPU
		{4A6C595A-A3B2-4335-BBAE-ECA1ED368444}.Debug|Any CPU.ActiveCfg = Debug|Any CPU
		{4A6C595A-A3B2-4335-BBAE-ECA1ED368444}.Debug|Any CPU.Build.0 = Debug|Any CPU
		{4A6C595A-A3B2-4335-BBAE-ECA1ED368444}.Release|Any CPU.ActiveCfg = Release|Any CPU
		{4A6C595A-A3B2-4335-BBAE-ECA1ED368444}.Release|Any CPU.Build.0 = Release|Any CPU
		{85A8D994-09CE-4C36-8C91-C39EFD37CF5E}.Debug|Any CPU.ActiveCfg = Debug|Any CPU
		{85A8D994-09CE-4C36-8C91-C39EFD37CF5E}.Debug|Any CPU.Build.0 = Debug|Any CPU
		{85A8D994-09CE-4C36-8C91-C39EFD37CF5E}.Release|Any CPU.ActiveCfg = Release|Any CPU
		{85A8D994-09CE-4C36-8C91-C39EFD37CF5E}.Release|Any CPU.Build.0 = Release|Any CPU
		{AF057389-DCB4-4621-BB60-E660EB4589DE}.Debug|Any CPU.ActiveCfg = Debug|Any CPU
		{AF057389-DCB4-4621-BB60-E660EB4589DE}.Debug|Any CPU.Build.0 = Debug|Any CPU
		{AF057389-DCB4-4621-BB60-E660EB4589DE}.Release|Any CPU.ActiveCfg = Release|Any CPU
		{AF057389-DCB4-4621-BB60-E660EB4589DE}.Release|Any CPU.Build.0 = Release|Any CPU
		{7C0635C2-5F29-42BE-8291-C5E6D2CCC492}.Debug|Any CPU.ActiveCfg = Debug|Any CPU
		{7C0635C2-5F29-42BE-8291-C5E6D2CCC492}.Debug|Any CPU.Build.0 = Debug|Any CPU
		{7C0635C2-5F29-42BE-8291-C5E6D2CCC492}.Release|Any CPU.ActiveCfg = Release|Any CPU
		{7C0635C2-5F29-42BE-8291-C5E6D2CCC492}.Release|Any CPU.Build.0 = Release|Any CPU
		{39B7B975-0071-42E8-B0D9-57A785BFD0E2}.Debug|Any CPU.ActiveCfg = Debug|Any CPU
		{39B7B975-0071-42E8-B0D9-57A785BFD0E2}.Debug|Any CPU.Build.0 = Debug|Any CPU
		{39B7B975-0071-42E8-B0D9-57A785BFD0E2}.Release|Any CPU.ActiveCfg = Release|Any CPU
		{39B7B975-0071-42E8-B0D9-57A785BFD0E2}.Release|Any CPU.Build.0 = Release|Any CPU
		{0089D031-1745-4CB1-B2A2-22550CF33062}.Debug|Any CPU.ActiveCfg = Debug|Any CPU
		{0089D031-1745-4CB1-B2A2-22550CF33062}.Debug|Any CPU.Build.0 = Debug|Any CPU
		{0089D031-1745-4CB1-B2A2-22550CF33062}.Release|Any CPU.ActiveCfg = Release|Any CPU
		{0089D031-1745-4CB1-B2A2-22550CF33062}.Release|Any CPU.Build.0 = Release|Any CPU
	EndGlobalSection
	GlobalSection(SolutionProperties) = preSolution
		HideSolutionNode = FALSE
	EndGlobalSection
	GlobalSection(ExtensibilityGlobals) = postSolution
		SolutionGuid = {C43B3A75-1385-43D0-9A60-8D8FC394F0B5}
	EndGlobalSection
EndGlobal
